// !$*UTF8*$!
{
	archiveVersion = 1;
	classes = {
	};
	objectVersion = 50;
	objects = {

/* Begin PBXBuildFile section */
		D5B9224E2566D6C5007340B9 /* AppDelegate.swift in Sources */ = {isa = PBXBuildFile; fileRef = D5B9224D2566D6C5007340B9 /* AppDelegate.swift */; };
		D5B922502566D6C5007340B9 /* SceneDelegate.swift in Sources */ = {isa = PBXBuildFile; fileRef = D5B9224F2566D6C5007340B9 /* SceneDelegate.swift */; };
		D5B922522566D6C5007340B9 /* ViewController.swift in Sources */ = {isa = PBXBuildFile; fileRef = D5B922512566D6C5007340B9 /* ViewController.swift */; };
		D5B922552566D6C5007340B9 /* Main.storyboard in Resources */ = {isa = PBXBuildFile; fileRef = D5B922532566D6C5007340B9 /* Main.storyboard */; };
		D5B922572566D6CC007340B9 /* Assets.xcassets in Resources */ = {isa = PBXBuildFile; fileRef = D5B922562566D6CC007340B9 /* Assets.xcassets */; };
		D5B9225A2566D6CC007340B9 /* LaunchScreen.storyboard in Resources */ = {isa = PBXBuildFile; fileRef = D5B922582566D6CC007340B9 /* LaunchScreen.storyboard */; };
		D5B922682566D8F8007340B9 /* Media.xcassets in Resources */ = {isa = PBXBuildFile; fileRef = D5B922672566D8F8007340B9 /* Media.xcassets */; };
		D5B9226A2566D8F8007340B9 /* ActionViewController.swift in Sources */ = {isa = PBXBuildFile; fileRef = D5B922692566D8F8007340B9 /* ActionViewController.swift */; };
		D5B9226D2566D8F8007340B9 /* MainInterface.storyboard in Resources */ = {isa = PBXBuildFile; fileRef = D5B9226B2566D8F8007340B9 /* MainInterface.storyboard */; };
		D5B922712566D8F8007340B9 /* Extension.appex in Embed App Extensions */ = {isa = PBXBuildFile; fileRef = D5B922652566D8F8007340B9 /* Extension.appex */; settings = {ATTRIBUTES = (RemoveHeadersOnCopy, ); }; };
		D5B92277256701E3007340B9 /* Action.js in Resources */ = {isa = PBXBuildFile; fileRef = D5B92276256701E3007340B9 /* Action.js */; };
		D5C94D9B2569A713006A7355 /* TableViewController.swift in Sources */ = {isa = PBXBuildFile; fileRef = D5C94D9A2569A713006A7355 /* TableViewController.swift */; };
/* End PBXBuildFile section */

/* Begin PBXContainerItemProxy section */
		D5B9226F2566D8F8007340B9 /* PBXContainerItemProxy */ = {
			isa = PBXContainerItemProxy;
			containerPortal = D5B922422566D6C5007340B9 /* Project object */;
			proxyType = 1;
			remoteGlobalIDString = D5B922642566D8F8007340B9;
			remoteInfo = Extension;
		};
/* End PBXContainerItemProxy section */

/* Begin PBXCopyFilesBuildPhase section */
		D5B922752566D8F8007340B9 /* Embed App Extensions */ = {
			isa = PBXCopyFilesBuildPhase;
			buildActionMask = 2147483647;
			dstPath = "";
			dstSubfolderSpec = 13;
			files = (
				D5B922712566D8F8007340B9 /* Extension.appex in Embed App Extensions */,
			);
			name = "Embed App Extensions";
			runOnlyForDeploymentPostprocessing = 0;
		};
/* End PBXCopyFilesBuildPhase section */

/* Begin PBXFileReference section */
		D5B9224A2566D6C5007340B9 /* Project19.app */ = {isa = PBXFileReference; explicitFileType = wrapper.application; includeInIndex = 0; path = Project19.app; sourceTree = BUILT_PRODUCTS_DIR; };
		D5B9224D2566D6C5007340B9 /* AppDelegate.swift */ = {isa = PBXFileReference; lastKnownFileType = sourcecode.swift; path = AppDelegate.swift; sourceTree = "<group>"; };
		D5B9224F2566D6C5007340B9 /* SceneDelegate.swift */ = {isa = PBXFileReference; lastKnownFileType = sourcecode.swift; path = SceneDelegate.swift; sourceTree = "<group>"; };
		D5B922512566D6C5007340B9 /* ViewController.swift */ = {isa = PBXFileReference; lastKnownFileType = sourcecode.swift; path = ViewController.swift; sourceTree = "<group>"; };
		D5B922542566D6C5007340B9 /* Base */ = {isa = PBXFileReference; lastKnownFileType = file.storyboard; name = Base; path = Base.lproj/Main.storyboard; sourceTree = "<group>"; };
		D5B922562566D6CC007340B9 /* Assets.xcassets */ = {isa = PBXFileReference; lastKnownFileType = folder.assetcatalog; path = Assets.xcassets; sourceTree = "<group>"; };
		D5B922592566D6CC007340B9 /* Base */ = {isa = PBXFileReference; lastKnownFileType = file.storyboard; name = Base; path = Base.lproj/LaunchScreen.storyboard; sourceTree = "<group>"; };
		D5B9225B2566D6CC007340B9 /* Info.plist */ = {isa = PBXFileReference; lastKnownFileType = text.plist.xml; path = Info.plist; sourceTree = "<group>"; };
		D5B922652566D8F8007340B9 /* Extension.appex */ = {isa = PBXFileReference; explicitFileType = "wrapper.app-extension"; includeInIndex = 0; path = Extension.appex; sourceTree = BUILT_PRODUCTS_DIR; };
		D5B922672566D8F8007340B9 /* Media.xcassets */ = {isa = PBXFileReference; lastKnownFileType = folder.assetcatalog; path = Media.xcassets; sourceTree = "<group>"; };
		D5B922692566D8F8007340B9 /* ActionViewController.swift */ = {isa = PBXFileReference; lastKnownFileType = sourcecode.swift; path = ActionViewController.swift; sourceTree = "<group>"; };
		D5B9226C2566D8F8007340B9 /* Base */ = {isa = PBXFileReference; lastKnownFileType = file.storyboard; name = Base; path = Base.lproj/MainInterface.storyboard; sourceTree = "<group>"; };
		D5B9226E2566D8F8007340B9 /* Info.plist */ = {isa = PBXFileReference; lastKnownFileType = text.plist.xml; path = Info.plist; sourceTree = "<group>"; };
		D5B92276256701E3007340B9 /* Action.js */ = {isa = PBXFileReference; lastKnownFileType = sourcecode.javascript; path = Action.js; sourceTree = "<group>"; };
		D5C94D9A2569A713006A7355 /* TableViewController.swift */ = {isa = PBXFileReference; lastKnownFileType = sourcecode.swift; path = TableViewController.swift; sourceTree = "<group>"; };
/* End PBXFileReference section */

/* Begin PBXFrameworksBuildPhase section */
		D5B922472566D6C5007340B9 /* Frameworks */ = {
			isa = PBXFrameworksBuildPhase;
			buildActionMask = 2147483647;
			files = (
			);
			runOnlyForDeploymentPostprocessing = 0;
		};
		D5B922622566D8F8007340B9 /* Frameworks */ = {
			isa = PBXFrameworksBuildPhase;
			buildActionMask = 2147483647;
			files = (
			);
			runOnlyForDeploymentPostprocessing = 0;
		};
/* End PBXFrameworksBuildPhase section */

/* Begin PBXGroup section */
		D5B922412566D6C5007340B9 = {
			isa = PBXGroup;
			children = (
				D5B9224C2566D6C5007340B9 /* Project19 */,
				D5B922662566D8F8007340B9 /* Extension */,
				D5B9224B2566D6C5007340B9 /* Products */,
			);
			sourceTree = "<group>";
		};
		D5B9224B2566D6C5007340B9 /* Products */ = {
			isa = PBXGroup;
			children = (
				D5B9224A2566D6C5007340B9 /* Project19.app */,
				D5B922652566D8F8007340B9 /* Extension.appex */,
			);
			name = Products;
			sourceTree = "<group>";
		};
		D5B9224C2566D6C5007340B9 /* Project19 */ = {
			isa = PBXGroup;
			children = (
				D5B9224D2566D6C5007340B9 /* AppDelegate.swift */,
				D5B9224F2566D6C5007340B9 /* SceneDelegate.swift */,
				D5B922512566D6C5007340B9 /* ViewController.swift */,
				D5B922532566D6C5007340B9 /* Main.storyboard */,
				D5B922562566D6CC007340B9 /* Assets.xcassets */,
				D5B922582566D6CC007340B9 /* LaunchScreen.storyboard */,
				D5B9225B2566D6CC007340B9 /* Info.plist */,
			);
			path = Project19;
			sourceTree = "<group>";
		};
		D5B922662566D8F8007340B9 /* Extension */ = {
			isa = PBXGroup;
			children = (
				D5B922672566D8F8007340B9 /* Media.xcassets */,
				D5B922692566D8F8007340B9 /* ActionViewController.swift */,
				D5C94D9A2569A713006A7355 /* TableViewController.swift */,
				D5B9226B2566D8F8007340B9 /* MainInterface.storyboard */,
				D5B9226E2566D8F8007340B9 /* Info.plist */,
				D5B92276256701E3007340B9 /* Action.js */,
			);
			path = Extension;
			sourceTree = "<group>";
		};
/* End PBXGroup section */

/* Begin PBXNativeTarget section */
		D5B922492566D6C5007340B9 /* Project19 */ = {
			isa = PBXNativeTarget;
			buildConfigurationList = D5B9225E2566D6CC007340B9 /* Build configuration list for PBXNativeTarget "Project19" */;
			buildPhases = (
				D5B922462566D6C5007340B9 /* Sources */,
				D5B922472566D6C5007340B9 /* Frameworks */,
				D5B922482566D6C5007340B9 /* Resources */,
				D5B922752566D8F8007340B9 /* Embed App Extensions */,
			);
			buildRules = (
			);
			dependencies = (
				D5B922702566D8F8007340B9 /* PBXTargetDependency */,
			);
			name = Project19;
			productName = Project19;
			productReference = D5B9224A2566D6C5007340B9 /* Project19.app */;
			productType = "com.apple.product-type.application";
		};
		D5B922642566D8F8007340B9 /* Extension */ = {
			isa = PBXNativeTarget;
			buildConfigurationList = D5B922722566D8F8007340B9 /* Build configuration list for PBXNativeTarget "Extension" */;
			buildPhases = (
				D5B922612566D8F8007340B9 /* Sources */,
				D5B922622566D8F8007340B9 /* Frameworks */,
				D5B922632566D8F8007340B9 /* Resources */,
			);
			buildRules = (
			);
			dependencies = (
			);
			name = Extension;
			productName = Extension;
			productReference = D5B922652566D8F8007340B9 /* Extension.appex */;
			productType = "com.apple.product-type.app-extension";
		};
/* End PBXNativeTarget section */

/* Begin PBXProject section */
		D5B922422566D6C5007340B9 /* Project object */ = {
			isa = PBXProject;
			attributes = {
				LastSwiftUpdateCheck = 1170;
				LastUpgradeCheck = 1170;
				ORGANIZATIONNAME = "Iaroslav Denisenko";
				TargetAttributes = {
					D5B922492566D6C5007340B9 = {
						CreatedOnToolsVersion = 11.7;
					};
					D5B922642566D8F8007340B9 = {
						CreatedOnToolsVersion = 11.7;
					};
				};
			};
			buildConfigurationList = D5B922452566D6C5007340B9 /* Build configuration list for PBXProject "Project19" */;
			compatibilityVersion = "Xcode 9.3";
			developmentRegion = en;
			hasScannedForEncodings = 0;
			knownRegions = (
				en,
				Base,
			);
			mainGroup = D5B922412566D6C5007340B9;
			productRefGroup = D5B9224B2566D6C5007340B9 /* Products */;
			projectDirPath = "";
			projectRoot = "";
			targets = (
				D5B922492566D6C5007340B9 /* Project19 */,
				D5B922642566D8F8007340B9 /* Extension */,
			);
		};
/* End PBXProject section */

/* Begin PBXResourcesBuildPhase section */
		D5B922482566D6C5007340B9 /* Resources */ = {
			isa = PBXResourcesBuildPhase;
			buildActionMask = 2147483647;
			files = (
				D5B9225A2566D6CC007340B9 /* LaunchScreen.storyboard in Resources */,
				D5B922572566D6CC007340B9 /* Assets.xcassets in Resources */,
				D5B922552566D6C5007340B9 /* Main.storyboard in Resources */,
			);
			runOnlyForDeploymentPostprocessing = 0;
		};
		D5B922632566D8F8007340B9 /* Resources */ = {
			isa = PBXResourcesBuildPhase;
			buildActionMask = 2147483647;
			files = (
				D5B92277256701E3007340B9 /* Action.js in Resources */,
				D5B922682566D8F8007340B9 /* Media.xcassets in Resources */,
				D5B9226D2566D8F8007340B9 /* MainInterface.storyboard in Resources */,
			);
			runOnlyForDeploymentPostprocessing = 0;
		};
/* End PBXResourcesBuildPhase section */

/* Begin PBXSourcesBuildPhase section */
		D5B922462566D6C5007340B9 /* Sources */ = {
			isa = PBXSourcesBuildPhase;
			buildActionMask = 2147483647;
			files = (
				D5B922522566D6C5007340B9 /* ViewController.swift in Sources */,
				D5B9224E2566D6C5007340B9 /* AppDelegate.swift in Sources */,
				D5B922502566D6C5007340B9 /* SceneDelegate.swift in Sources */,
			);
			runOnlyForDeploymentPostprocessing = 0;
		};
		D5B922612566D8F8007340B9 /* Sources */ = {
			isa = PBXSourcesBuildPhase;
			buildActionMask = 2147483647;
			files = (
				D5B9226A2566D8F8007340B9 /* ActionViewController.swift in Sources */,
				D5C94D9B2569A713006A7355 /* TableViewController.swift in Sources */,
			);
			runOnlyForDeploymentPostprocessing = 0;
		};
/* End PBXSourcesBuildPhase section */

/* Begin PBXTargetDependency section */
		D5B922702566D8F8007340B9 /* PBXTargetDependency */ = {
			isa = PBXTargetDependency;
			target = D5B922642566D8F8007340B9 /* Extension */;
			targetProxy = D5B9226F2566D8F8007340B9 /* PBXContainerItemProxy */;
		};
/* End PBXTargetDependency section */

/* Begin PBXVariantGroup section */
		D5B922532566D6C5007340B9 /* Main.storyboard */ = {
			isa = PBXVariantGroup;
			children = (
				D5B922542566D6C5007340B9 /* Base */,
			);
			name = Main.storyboard;
			sourceTree = "<group>";
		};
		D5B922582566D6CC007340B9 /* LaunchScreen.storyboard */ = {
			isa = PBXVariantGroup;
			children = (
				D5B922592566D6CC007340B9 /* Base */,
			);
			name = LaunchScreen.storyboard;
			sourceTree = "<group>";
		};
		D5B9226B2566D8F8007340B9 /* MainInterface.storyboard */ = {
			isa = PBXVariantGroup;
			children = (
				D5B9226C2566D8F8007340B9 /* Base */,
			);
			name = MainInterface.storyboard;
			sourceTree = "<group>";
		};
/* End PBXVariantGroup section */

/* Begin XCBuildConfiguration section */
		D5B9225C2566D6CC007340B9 /* Debug */ = {
			isa = XCBuildConfiguration;
			buildSettings = {
				ALWAYS_SEARCH_USER_PATHS = NO;
				CLANG_ANALYZER_NONNULL = YES;
				CLANG_ANALYZER_NUMBER_OBJECT_CONVERSION = YES_AGGRESSIVE;
				CLANG_CXX_LANGUAGE_STANDARD = "gnu++14";
				CLANG_CXX_LIBRARY = "libc++";
				CLANG_ENABLE_MODULES = YES;
				CLANG_ENABLE_OBJC_ARC = YES;
				CLANG_ENABLE_OBJC_WEAK = YES;
				CLANG_WARN_BLOCK_CAPTURE_AUTORELEASING = YES;
				CLANG_WARN_BOOL_CONVERSION = YES;
				CLANG_WARN_COMMA = YES;
				CLANG_WARN_CONSTANT_CONVERSION = YES;
				CLANG_WARN_DEPRECATED_OBJC_IMPLEMENTATIONS = YES;
				CLANG_WARN_DIRECT_OBJC_ISA_USAGE = YES_ERROR;
				CLANG_WARN_DOCUMENTATION_COMMENTS = YES;
				CLANG_WARN_EMPTY_BODY = YES;
				CLANG_WARN_ENUM_CONVERSION = YES;
				CLANG_WARN_INFINITE_RECURSION = YES;
				CLANG_WARN_INT_CONVERSION = YES;
				CLANG_WARN_NON_LITERAL_NULL_CONVERSION = YES;
				CLANG_WARN_OBJC_IMPLICIT_RETAIN_SELF = YES;
				CLANG_WARN_OBJC_LITERAL_CONVERSION = YES;
				CLANG_WARN_OBJC_ROOT_CLASS = YES_ERROR;
				CLANG_WARN_RANGE_LOOP_ANALYSIS = YES;
				CLANG_WARN_STRICT_PROTOTYPES = YES;
				CLANG_WARN_SUSPICIOUS_MOVE = YES;
				CLANG_WARN_UNGUARDED_AVAILABILITY = YES_AGGRESSIVE;
				CLANG_WARN_UNREACHABLE_CODE = YES;
				CLANG_WARN__DUPLICATE_METHOD_MATCH = YES;
				COPY_PHASE_STRIP = NO;
				DEBUG_INFORMATION_FORMAT = dwarf;
				ENABLE_STRICT_OBJC_MSGSEND = YES;
				ENABLE_TESTABILITY = YES;
				GCC_C_LANGUAGE_STANDARD = gnu11;
				GCC_DYNAMIC_NO_PIC = NO;
				GCC_NO_COMMON_BLOCKS = YES;
				GCC_OPTIMIZATION_LEVEL = 0;
				GCC_PREPROCESSOR_DEFINITIONS = (
					"DEBUG=1",
					"$(inherited)",
				);
				GCC_WARN_64_TO_32_BIT_CONVERSION = YES;
				GCC_WARN_ABOUT_RETURN_TYPE = YES_ERROR;
				GCC_WARN_UNDECLARED_SELECTOR = YES;
				GCC_WARN_UNINITIALIZED_AUTOS = YES_AGGRESSIVE;
				GCC_WARN_UNUSED_FUNCTION = YES;
				GCC_WARN_UNUSED_VARIABLE = YES;
				IPHONEOS_DEPLOYMENT_TARGET = 13.7;
				MTL_ENABLE_DEBUG_INFO = INCLUDE_SOURCE;
				MTL_FAST_MATH = YES;
				ONLY_ACTIVE_ARCH = YES;
				SDKROOT = iphoneos;
				SWIFT_ACTIVE_COMPILATION_CONDITIONS = DEBUG;
				SWIFT_OPTIMIZATION_LEVEL = "-Onone";
			};
			name = Debug;
		};
		D5B9225D2566D6CC007340B9 /* Release */ = {
			isa = XCBuildConfiguration;
			buildSettings = {
				ALWAYS_SEARCH_USER_PATHS = NO;
				CLANG_ANALYZER_NONNULL = YES;
				CLANG_ANALYZER_NUMBER_OBJECT_CONVERSION = YES_AGGRESSIVE;
				CLANG_CXX_LANGUAGE_STANDARD = "gnu++14";
				CLANG_CXX_LIBRARY = "libc++";
				CLANG_ENABLE_MODULES = YES;
				CLANG_ENABLE_OBJC_ARC = YES;
				CLANG_ENABLE_OBJC_WEAK = YES;
				CLANG_WARN_BLOCK_CAPTURE_AUTORELEASING = YES;
				CLANG_WARN_BOOL_CONVERSION = YES;
				CLANG_WARN_COMMA = YES;
				CLANG_WARN_CONSTANT_CONVERSION = YES;
				CLANG_WARN_DEPRECATED_OBJC_IMPLEMENTATIONS = YES;
				CLANG_WARN_DIRECT_OBJC_ISA_USAGE = YES_ERROR;
				CLANG_WARN_DOCUMENTATION_COMMENTS = YES;
				CLANG_WARN_EMPTY_BODY = YES;
				CLANG_WARN_ENUM_CONVERSION = YES;
				CLANG_WARN_INFINITE_RECURSION = YES;
				CLANG_WARN_INT_CONVERSION = YES;
				CLANG_WARN_NON_LITERAL_NULL_CONVERSION = YES;
				CLANG_WARN_OBJC_IMPLICIT_RETAIN_SELF = YES;
				CLANG_WARN_OBJC_LITERAL_CONVERSION = YES;
				CLANG_WARN_OBJC_ROOT_CLASS = YES_ERROR;
				CLANG_WARN_RANGE_LOOP_ANALYSIS = YES;
				CLANG_WARN_STRICT_PROTOTYPES = YES;
				CLANG_WARN_SUSPICIOUS_MOVE = YES;
				CLANG_WARN_UNGUARDED_AVAILABILITY = YES_AGGRESSIVE;
				CLANG_WARN_UNREACHABLE_CODE = YES;
				CLANG_WARN__DUPLICATE_METHOD_MATCH = YES;
				COPY_PHASE_STRIP = NO;
				DEBUG_INFORMATION_FORMAT = "dwarf-with-dsym";
				ENABLE_NS_ASSERTIONS = NO;
				ENABLE_STRICT_OBJC_MSGSEND = YES;
				GCC_C_LANGUAGE_STANDARD = gnu11;
				GCC_NO_COMMON_BLOCKS = YES;
				GCC_WARN_64_TO_32_BIT_CONVERSION = YES;
				GCC_WARN_ABOUT_RETURN_TYPE = YES_ERROR;
				GCC_WARN_UNDECLARED_SELECTOR = YES;
				GCC_WARN_UNINITIALIZED_AUTOS = YES_AGGRESSIVE;
				GCC_WARN_UNUSED_FUNCTION = YES;
				GCC_WARN_UNUSED_VARIABLE = YES;
				IPHONEOS_DEPLOYMENT_TARGET = 13.7;
				MTL_ENABLE_DEBUG_INFO = NO;
				MTL_FAST_MATH = YES;
				SDKROOT = iphoneos;
				SWIFT_COMPILATION_MODE = wholemodule;
				SWIFT_OPTIMIZATION_LEVEL = "-O";
				VALIDATE_PRODUCT = YES;
			};
			name = Release;
		};
		D5B9225F2566D6CC007340B9 /* Debug */ = {
			isa = XCBuildConfiguration;
			buildSettings = {
				ALWAYS_EMBED_SWIFT_STANDARD_LIBRARIES = YES;
				ASSETCATALOG_COMPILER_APPICON_NAME = AppIcon;
				CODE_SIGN_STYLE = Automatic;
				DEVELOPMENT_TEAM = 22FNMM8P5S;
				INFOPLIST_FILE = Project19/Info.plist;
				LD_RUNPATH_SEARCH_PATHS = (
					"$(inherited)",
					"@executable_path/Frameworks",
				);
				PRODUCT_BUNDLE_IDENTIFIER = yoda.Project19;
				PRODUCT_NAME = "$(TARGET_NAME)";
				SWIFT_VERSION = 5.0;
				TARGETED_DEVICE_FAMILY = "1,2";
			};
			name = Debug;
		};
		D5B922602566D6CC007340B9 /* Release */ = {
			isa = XCBuildConfiguration;
			buildSettings = {
				ALWAYS_EMBED_SWIFT_STANDARD_LIBRARIES = YES;
				ASSETCATALOG_COMPILER_APPICON_NAME = AppIcon;
				CODE_SIGN_STYLE = Automatic;
				DEVELOPMENT_TEAM = 22FNMM8P5S;
				INFOPLIST_FILE = Project19/Info.plist;
				LD_RUNPATH_SEARCH_PATHS = (
					"$(inherited)",
					"@executable_path/Frameworks",
				);
				PRODUCT_BUNDLE_IDENTIFIER = yoda.Project19;
				PRODUCT_NAME = "$(TARGET_NAME)";
				SWIFT_VERSION = 5.0;
				TARGETED_DEVICE_FAMILY = "1,2";
			};
			name = Release;
		};
		D5B922732566D8F8007340B9 /* Debug */ = {
			isa = XCBuildConfiguration;
			buildSettings = {
				CODE_SIGN_STYLE = Automatic;
				DEVELOPMENT_TEAM = 22FNMM8P5S;
				INFOPLIST_FILE = Extension/Info.plist;
				LD_RUNPATH_SEARCH_PATHS = (
					"$(inherited)",
					"@executable_path/Frameworks",
					"@executable_path/../../Frameworks",
				);
				PRODUCT_BUNDLE_IDENTIFIER = yoda.Project19.Extension;
				PRODUCT_NAME = "$(TARGET_NAME)";
				SKIP_INSTALL = YES;
				SWIFT_VERSION = 5.0;
				TARGETED_DEVICE_FAMILY = "1,2";
			};
			name = Debug;
		};
		D5B922742566D8F8007340B9 /* Release */ = {
			isa = XCBuildConfiguration;
			buildSettings = {
				CODE_SIGN_STYLE = Automatic;
				DEVELOPMENT_TEAM = 22FNMM8P5S;
				INFOPLIST_FILE = Extension/Info.plist;
				LD_RUNPATH_SEARCH_PATHS = (
					"$(inherited)",
					"@executable_path/Frameworks",
					"@executable_path/../../Frameworks",
				);
				PRODUCT_BUNDLE_IDENTIFIER = yoda.Project19.Extension;
				PRODUCT_NAME = "$(TARGET_NAME)";
				SKIP_INSTALL = YES;
				SWIFT_VERSION = 5.0;
				TARGETED_DEVICE_FAMILY = "1,2";
			};
			name = Release;
		};
/* End XCBuildConfiguration section */

/* Begin XCConfigurationList section */
		D5B922452566D6C5007340B9 /* Build configuration list for PBXProject "Project19" */ = {
			isa = XCConfigurationList;
			buildConfigurations = (
				D5B9225C2566D6CC007340B9 /* Debug */,
				D5B9225D2566D6CC007340B9 /* Release */,
			);
			defaultConfigurationIsVisible = 0;
			defaultConfigurationName = Release;
		};
		D5B9225E2566D6CC007340B9 /* Build configuration list for PBXNativeTarget "Project19" */ = {
			isa = XCConfigurationList;
			buildConfigurations = (
				D5B9225F2566D6CC007340B9 /* Debug */,
				D5B922602566D6CC007340B9 /* Release */,
			);
			defaultConfigurationIsVisible = 0;
			defaultConfigurationName = Release;
		};
		D5B922722566D8F8007340B9 /* Build configuration list for PBXNativeTarget "Extension" */ = {
			isa = XCConfigurationList;
			buildConfigurations = (
				D5B922732566D8F8007340B9 /* Debug */,
				D5B922742566D8F8007340B9 /* Release */,
			);
			defaultConfigurationIsVisible = 0;
			defaultConfigurationName = Release;
		};
/* End XCConfigurationList section */
	};
	rootObject = D5B922422566D6C5007340B9 /* Project object */;
}
